
Microsoft Visual Studio Solution File, Format Version 12.00
# Visual Studio Version 16
VisualStudioVersion = 16.0.30011.22
MinimumVisualStudioVersion = 10.0.40219.1
Project("{FAE04EC0-301F-11D3-BF4B-00C04F79EFBC}") = "PclFileConvert", "PclFileConvert.csproj", "{A4BC0C02-BBAA-42EE-82E9-01AD47DC1A74}"
EndProject
Global
	GlobalSection(SolutionConfigurationPlatforms) = preSolution
		Debug|Any CPU = Debug|Any CPU
		Release|Any CPU = Release|Any CPU
	EndGlobalSection
	GlobalSection(ProjectConfigurationPlatforms) = postSolution
		{A4BC0C02-BBAA-42EE-82E9-01AD47DC1A74}.Debug|Any CPU.ActiveCfg = Debug|Any CPU
		{A4BC0C02-BBAA-42EE-82E9-01AD47DC1A74}.Debug|Any CPU.Build.0 = Debug|Any CPU
		{A4BC0C02-BBAA-42EE-82E9-01AD47DC1A74}.Release|Any CPU.ActiveCfg = Release|Any CPU
		{A4BC0C02-BBAA-42EE-82E9-01AD47DC1A74}.Release|Any CPU.Build.0 = Release|Any CPU
	EndGlobalSection
	GlobalSection(SolutionProperties) = preSolution
		HideSolutionNode = FALSE
	EndGlobalSection
	GlobalSection(ExtensibilityGlobals) = postSolution
		VisualSVNWorkingCopyRoot = .
		SolutionGuid = {EAA1E3FC-77F3-4A74-BEB5-D760F7B06392}
	EndGlobalSection
EndGlobal
